// !$*UTF8*$!
{
	archiveVersion = 1;
	classes = {
	};
	objectVersion = 53;
	objects = {

/* Begin PBXBuildFile section */
		39058ABB25738ECD00727995 /* URLSessionHTTPClient.swift in Sources */ = {isa = PBXBuildFile; fileRef = 39058ABA25738ECD00727995 /* URLSessionHTTPClient.swift */; };
		3908C167251B8553006503FB /* EssentialFeed.framework in Frameworks */ = {isa = PBXBuildFile; fileRef = 3908C15D251B8553006503FB /* EssentialFeed.framework */; };
		3908C16C251B8553006503FB /* EssentialFeedTests.swift in Sources */ = {isa = PBXBuildFile; fileRef = 3908C16B251B8553006503FB /* EssentialFeedTests.swift */; };
		3908C16E251B8553006503FB /* EssentialFeed.h in Headers */ = {isa = PBXBuildFile; fileRef = 3908C160251B8553006503FB /* EssentialFeed.h */; settings = {ATTRIBUTES = (Public, ); }; };
		3908C178251B859B006503FB /* FeedImage.swift in Sources */ = {isa = PBXBuildFile; fileRef = 3908C177251B859B006503FB /* FeedImage.swift */; };
		3908C17A251B8627006503FB /* FeedLoader.swift in Sources */ = {isa = PBXBuildFile; fileRef = 3908C179251B8627006503FB /* FeedLoader.swift */; };
		390C666D2648D9320054CA08 /* FeedViewControllerTests.swift in Sources */ = {isa = PBXBuildFile; fileRef = 390C666C2648D9320054CA08 /* FeedViewControllerTests.swift */; };
		3916A909261E9D0100613B4A /* FeedCachePolicy.swift in Sources */ = {isa = PBXBuildFile; fileRef = 3916A908261E9D0100613B4A /* FeedCachePolicy.swift */; };
		392CD9FE25EFDA5800917E47 /* RemoteFeedItem.swift in Sources */ = {isa = PBXBuildFile; fileRef = 392CD9FD25EFDA5800917E47 /* RemoteFeedItem.swift */; };
		392CDA0325EFDACB00917E47 /* LocalFeedImage.swift in Sources */ = {isa = PBXBuildFile; fileRef = 392CDA0225EFDACB00917E47 /* LocalFeedImage.swift */; };
		3937CFD92643D75500D59C61 /* EssentialFeediOS.framework in Frameworks */ = {isa = PBXBuildFile; fileRef = 3937CFD02643D75400D59C61 /* EssentialFeediOS.framework */; };
		393C23262547032300B0FD22 /* RemoteFeedLoader.swift in Sources */ = {isa = PBXBuildFile; fileRef = 393C23252547032300B0FD22 /* RemoteFeedLoader.swift */; };
		393F905E258CD6AD00BD4074 /* EssentialFeedAPIEndToEndTests.swift in Sources */ = {isa = PBXBuildFile; fileRef = 393F905D258CD6AD00BD4074 /* EssentialFeedAPIEndToEndTests.swift */; };
		393F9060258CD6AD00BD4074 /* EssentialFeed.framework in Frameworks */ = {isa = PBXBuildFile; fileRef = 3908C15D251B8553006503FB /* EssentialFeed.framework */; };
		39464064255C07680017F3C1 /* HTTPClient.swift in Sources */ = {isa = PBXBuildFile; fileRef = 39464063255C07680017F3C1 /* HTTPClient.swift */; };
		39464068255C08460017F3C1 /* FeedItemsMapper.swift in Sources */ = {isa = PBXBuildFile; fileRef = 39464067255C08460017F3C1 /* FeedItemsMapper.swift */; };
		394A5CF125F4D22400C2851A /* LoadFeedFormCacheUseCaseTests.swift in Sources */ = {isa = PBXBuildFile; fileRef = 394A5CF025F4D22400C2851A /* LoadFeedFormCacheUseCaseTests.swift */; };
		394A5CFA25F4FF5E00C2851A /* FeedStoreSpy.swift in Sources */ = {isa = PBXBuildFile; fileRef = 394A5CF925F4FF5E00C2851A /* FeedStoreSpy.swift */; };
		39527FFC263A535E00065798 /* EssentialFeedCacheIntegrationTests.swift in Sources */ = {isa = PBXBuildFile; fileRef = 39527FFB263A535E00065798 /* EssentialFeedCacheIntegrationTests.swift */; };
		39527FFE263A535E00065798 /* EssentialFeed.framework in Frameworks */ = {isa = PBXBuildFile; fileRef = 3908C15D251B8553006503FB /* EssentialFeed.framework */; };
		39528004263A563400065798 /* XCTestCase+MemoryLeakTracking.swift in Sources */ = {isa = PBXBuildFile; fileRef = 39612B67256FD06800EAB562 /* XCTestCase+MemoryLeakTracking.swift */; };
		39528005263A5C3300065798 /* FeedCacheTestHelper.swift in Sources */ = {isa = PBXBuildFile; fileRef = 39B9555D260230F0007E9334 /* FeedCacheTestHelper.swift */; };
		39528006263A5C5200065798 /* SharedTestHelpers.swift in Sources */ = {isa = PBXBuildFile; fileRef = 39B9556226023217007E9334 /* SharedTestHelpers.swift */; };
		3954EC5C253C71DA005389EA /* LoadFeedFromRemoteUseCaseTests.swift in Sources */ = {isa = PBXBuildFile; fileRef = 3954EC5B253C71DA005389EA /* LoadFeedFromRemoteUseCaseTests.swift */; };
		39612B68256FD06800EAB562 /* XCTestCase+MemoryLeakTracking.swift in Sources */ = {isa = PBXBuildFile; fileRef = 39612B67256FD06800EAB562 /* XCTestCase+MemoryLeakTracking.swift */; };
		399ADAD0258F4603005B95BA /* XCTestCase+MemoryLeakTracking.swift in Sources */ = {isa = PBXBuildFile; fileRef = 39612B67256FD06800EAB562 /* XCTestCase+MemoryLeakTracking.swift */; };
		399B08112636569F00A98A83 /* CoreDataFeedStoreTests.swift in Sources */ = {isa = PBXBuildFile; fileRef = 399B08102636569F00A98A83 /* CoreDataFeedStoreTests.swift */; };
		399B082B26365CC400A98A83 /* CoreDataFeedStore.swift in Sources */ = {isa = PBXBuildFile; fileRef = 399B082A26365CC400A98A83 /* CoreDataFeedStore.swift */; };
		399B08442636636D00A98A83 /* FeedStore.xcdatamodeld in Sources */ = {isa = PBXBuildFile; fileRef = 399B08422636636D00A98A83 /* FeedStore.xcdatamodeld */; };
		399B08452636636D00A98A83 /* FeedStore.xcdatamodeld in Sources */ = {isa = PBXBuildFile; fileRef = 399B08422636636D00A98A83 /* FeedStore.xcdatamodeld */; };
		39B95559260225F8007E9334 /* ValidateFeedCacheUseCaseTests.swift in Sources */ = {isa = PBXBuildFile; fileRef = 39B95558260225F8007E9334 /* ValidateFeedCacheUseCaseTests.swift */; };
		39B9555E260230F0007E9334 /* FeedCacheTestHelper.swift in Sources */ = {isa = PBXBuildFile; fileRef = 39B9555D260230F0007E9334 /* FeedCacheTestHelper.swift */; };
		39B9556326023217007E9334 /* SharedTestHelpers.swift in Sources */ = {isa = PBXBuildFile; fileRef = 39B9556226023217007E9334 /* SharedTestHelpers.swift */; };
		39D5DFDF25C56C76007EBA95 /* LocalFeedLoader.swift in Sources */ = {isa = PBXBuildFile; fileRef = 39D5DFDE25C56C76007EBA95 /* LocalFeedLoader.swift */; };
		39D5DFF025C5790B007EBA95 /* FeedStore.swift in Sources */ = {isa = PBXBuildFile; fileRef = 39D5DFEF25C5790B007EBA95 /* FeedStore.swift */; };
		39DD170025654BE600948C82 /* URLSessionHTTPClientTests.swift in Sources */ = {isa = PBXBuildFile; fileRef = 39DD16FF25654BE600948C82 /* URLSessionHTTPClientTests.swift */; };
		39DF8BB82637E71100F9E22C /* CoreDataHelpers.swift in Sources */ = {isa = PBXBuildFile; fileRef = 39DF8BB72637E71100F9E22C /* CoreDataHelpers.swift */; };
		39DF8BBA2637E81B00F9E22C /* ManagedCache.swift in Sources */ = {isa = PBXBuildFile; fileRef = 39DF8BB92637E81B00F9E22C /* ManagedCache.swift */; };
		39DF8BBC2637E84500F9E22C /* ManagedFeedImage.swift in Sources */ = {isa = PBXBuildFile; fileRef = 39DF8BBB2637E84500F9E22C /* ManagedFeedImage.swift */; };
		39E676F82627D0BE000C5ECF /* CodableFeedStoreTests.swift in Sources */ = {isa = PBXBuildFile; fileRef = 39E676F72627D0BE000C5ECF /* CodableFeedStoreTests.swift */; };
		39E67715262EEE81000C5ECF /* CodableFeedStore.swift in Sources */ = {isa = PBXBuildFile; fileRef = 39E67714262EEE81000C5ECF /* CodableFeedStore.swift */; };
		39E6772B26312196000C5ECF /* FeedStoreSpecs.swift in Sources */ = {isa = PBXBuildFile; fileRef = 39E6772A26312196000C5ECF /* FeedStoreSpecs.swift */; };
		39E6773026312364000C5ECF /* XCTestCase+FeedStoreSpecs.swift in Sources */ = {isa = PBXBuildFile; fileRef = 39E6772F26312364000C5ECF /* XCTestCase+FeedStoreSpecs.swift */; };
		39E677362631524F000C5ECF /* XCTestCase+FailableRetrieveFeedStoreSpecs.swift in Sources */ = {isa = PBXBuildFile; fileRef = 39E677352631524F000C5ECF /* XCTestCase+FailableRetrieveFeedStoreSpecs.swift */; };
		39E6773E26316F4A000C5ECF /* XCTestCase+FailableInsertFeedStoreSpecs.swift in Sources */ = {isa = PBXBuildFile; fileRef = 39E6773D26316F4A000C5ECF /* XCTestCase+FailableInsertFeedStoreSpecs.swift */; };
		39E6774326325C09000C5ECF /* XCTestCase+FailableDeleteFeedStoreSpecs.swift in Sources */ = {isa = PBXBuildFile; fileRef = 39E6774226325C09000C5ECF /* XCTestCase+FailableDeleteFeedStoreSpecs.swift */; };
		39FEAFBD25B8556100994E37 /* CacheFeedUseCaseTests.swift in Sources */ = {isa = PBXBuildFile; fileRef = 39FEAFBC25B8556100994E37 /* CacheFeedUseCaseTests.swift */; };
/* End PBXBuildFile section */

/* Begin PBXContainerItemProxy section */
		3908C168251B8553006503FB /* PBXContainerItemProxy */ = {
			isa = PBXContainerItemProxy;
			containerPortal = 3908C154251B8553006503FB /* Project object */;
			proxyType = 1;
			remoteGlobalIDString = 3908C15C251B8553006503FB;
			remoteInfo = EssentialFeed;
		};
		3937CFDA2643D75500D59C61 /* PBXContainerItemProxy */ = {
			isa = PBXContainerItemProxy;
			containerPortal = 3908C154251B8553006503FB /* Project object */;
			proxyType = 1;
			remoteGlobalIDString = 3937CFCF2643D75400D59C61;
			remoteInfo = EssentialFeediOS;
		};
		393F9061258CD6AD00BD4074 /* PBXContainerItemProxy */ = {
			isa = PBXContainerItemProxy;
			containerPortal = 3908C154251B8553006503FB /* Project object */;
			proxyType = 1;
			remoteGlobalIDString = 3908C15C251B8553006503FB;
			remoteInfo = EssentialFeed;
		};
		39527FFF263A535E00065798 /* PBXContainerItemProxy */ = {
			isa = PBXContainerItemProxy;
			containerPortal = 3908C154251B8553006503FB /* Project object */;
			proxyType = 1;
			remoteGlobalIDString = 3908C15C251B8553006503FB;
			remoteInfo = EssentialFeed;
		};
/* End PBXContainerItemProxy section */

/* Begin PBXFileReference section */
		39058ABA25738ECD00727995 /* URLSessionHTTPClient.swift */ = {isa = PBXFileReference; lastKnownFileType = sourcecode.swift; path = URLSessionHTTPClient.swift; sourceTree = "<group>"; };
		3908C15D251B8553006503FB /* EssentialFeed.framework */ = {isa = PBXFileReference; explicitFileType = wrapper.framework; includeInIndex = 0; path = EssentialFeed.framework; sourceTree = BUILT_PRODUCTS_DIR; };
		3908C160251B8553006503FB /* EssentialFeed.h */ = {isa = PBXFileReference; lastKnownFileType = sourcecode.c.h; path = EssentialFeed.h; sourceTree = "<group>"; };
		3908C161251B8553006503FB /* Info.plist */ = {isa = PBXFileReference; lastKnownFileType = text.plist.xml; path = Info.plist; sourceTree = "<group>"; };
		3908C166251B8553006503FB /* EssentialFeedTests.xctest */ = {isa = PBXFileReference; explicitFileType = wrapper.cfbundle; includeInIndex = 0; path = EssentialFeedTests.xctest; sourceTree = BUILT_PRODUCTS_DIR; };
		3908C16B251B8553006503FB /* EssentialFeedTests.swift */ = {isa = PBXFileReference; lastKnownFileType = sourcecode.swift; path = EssentialFeedTests.swift; sourceTree = "<group>"; };
		3908C16D251B8553006503FB /* Info.plist */ = {isa = PBXFileReference; lastKnownFileType = text.plist.xml; path = Info.plist; sourceTree = "<group>"; };
		3908C177251B859B006503FB /* FeedImage.swift */ = {isa = PBXFileReference; lastKnownFileType = sourcecode.swift; path = FeedImage.swift; sourceTree = "<group>"; };
		3908C179251B8627006503FB /* FeedLoader.swift */ = {isa = PBXFileReference; lastKnownFileType = sourcecode.swift; path = FeedLoader.swift; sourceTree = "<group>"; };
		390C666B2648D9310054CA08 /* EssentialFeediOSTests-Bridging-Header.h */ = {isa = PBXFileReference; lastKnownFileType = sourcecode.c.h; path = "EssentialFeediOSTests-Bridging-Header.h"; sourceTree = "<group>"; };
		390C666C2648D9320054CA08 /* FeedViewControllerTests.swift */ = {isa = PBXFileReference; lastKnownFileType = sourcecode.swift; path = FeedViewControllerTests.swift; sourceTree = "<group>"; };
		3916A908261E9D0100613B4A /* FeedCachePolicy.swift */ = {isa = PBXFileReference; lastKnownFileType = sourcecode.swift; path = FeedCachePolicy.swift; sourceTree = "<group>"; };
		392CD9FD25EFDA5800917E47 /* RemoteFeedItem.swift */ = {isa = PBXFileReference; lastKnownFileType = sourcecode.swift; path = RemoteFeedItem.swift; sourceTree = "<group>"; };
		392CDA0225EFDACB00917E47 /* LocalFeedImage.swift */ = {isa = PBXFileReference; lastKnownFileType = sourcecode.swift; path = LocalFeedImage.swift; sourceTree = "<group>"; };
		3937CFD02643D75400D59C61 /* EssentialFeediOS.framework */ = {isa = PBXFileReference; explicitFileType = wrapper.framework; includeInIndex = 0; path = EssentialFeediOS.framework; sourceTree = BUILT_PRODUCTS_DIR; };
		3937CFD32643D75400D59C61 /* Info.plist */ = {isa = PBXFileReference; lastKnownFileType = text.plist.xml; path = Info.plist; sourceTree = "<group>"; };
		3937CFD82643D75500D59C61 /* EssentialFeediOSTests.xctest */ = {isa = PBXFileReference; explicitFileType = wrapper.cfbundle; includeInIndex = 0; path = EssentialFeediOSTests.xctest; sourceTree = BUILT_PRODUCTS_DIR; };
		3937CFDF2643D75500D59C61 /* Info.plist */ = {isa = PBXFileReference; lastKnownFileType = text.plist.xml; path = Info.plist; sourceTree = "<group>"; };
		393C23252547032300B0FD22 /* RemoteFeedLoader.swift */ = {isa = PBXFileReference; lastKnownFileType = sourcecode.swift; path = RemoteFeedLoader.swift; sourceTree = "<group>"; };
		393F905B258CD6AD00BD4074 /* EssentialFeedAPIEndToEndTests.xctest */ = {isa = PBXFileReference; explicitFileType = wrapper.cfbundle; includeInIndex = 0; path = EssentialFeedAPIEndToEndTests.xctest; sourceTree = BUILT_PRODUCTS_DIR; };
		393F905D258CD6AD00BD4074 /* EssentialFeedAPIEndToEndTests.swift */ = {isa = PBXFileReference; lastKnownFileType = sourcecode.swift; path = EssentialFeedAPIEndToEndTests.swift; sourceTree = "<group>"; };
		393F905F258CD6AD00BD4074 /* Info.plist */ = {isa = PBXFileReference; lastKnownFileType = text.plist.xml; path = Info.plist; sourceTree = "<group>"; };
		39464063255C07680017F3C1 /* HTTPClient.swift */ = {isa = PBXFileReference; lastKnownFileType = sourcecode.swift; path = HTTPClient.swift; sourceTree = "<group>"; };
		39464067255C08460017F3C1 /* FeedItemsMapper.swift */ = {isa = PBXFileReference; lastKnownFileType = sourcecode.swift; path = FeedItemsMapper.swift; sourceTree = "<group>"; };
		394A5CF025F4D22400C2851A /* LoadFeedFormCacheUseCaseTests.swift */ = {isa = PBXFileReference; lastKnownFileType = sourcecode.swift; path = LoadFeedFormCacheUseCaseTests.swift; sourceTree = "<group>"; };
		394A5CF925F4FF5E00C2851A /* FeedStoreSpy.swift */ = {isa = PBXFileReference; lastKnownFileType = sourcecode.swift; path = FeedStoreSpy.swift; sourceTree = "<group>"; };
		39527FF9263A535E00065798 /* EssentialFeedCacheIntegrationTests.xctest */ = {isa = PBXFileReference; explicitFileType = wrapper.cfbundle; includeInIndex = 0; path = EssentialFeedCacheIntegrationTests.xctest; sourceTree = BUILT_PRODUCTS_DIR; };
		39527FFB263A535E00065798 /* EssentialFeedCacheIntegrationTests.swift */ = {isa = PBXFileReference; lastKnownFileType = sourcecode.swift; path = EssentialFeedCacheIntegrationTests.swift; sourceTree = "<group>"; };
		39527FFD263A535E00065798 /* Info.plist */ = {isa = PBXFileReference; lastKnownFileType = text.plist.xml; path = Info.plist; sourceTree = "<group>"; };
		3954EC5B253C71DA005389EA /* LoadFeedFromRemoteUseCaseTests.swift */ = {isa = PBXFileReference; lastKnownFileType = sourcecode.swift; path = LoadFeedFromRemoteUseCaseTests.swift; sourceTree = "<group>"; };
		39612B67256FD06800EAB562 /* XCTestCase+MemoryLeakTracking.swift */ = {isa = PBXFileReference; lastKnownFileType = sourcecode.swift; path = "XCTestCase+MemoryLeakTracking.swift"; sourceTree = "<group>"; };
		399B08102636569F00A98A83 /* CoreDataFeedStoreTests.swift */ = {isa = PBXFileReference; lastKnownFileType = sourcecode.swift; path = CoreDataFeedStoreTests.swift; sourceTree = "<group>"; };
		399B082A26365CC400A98A83 /* CoreDataFeedStore.swift */ = {isa = PBXFileReference; lastKnownFileType = sourcecode.swift; path = CoreDataFeedStore.swift; sourceTree = "<group>"; };
		399B08432636636D00A98A83 /* FeedStore.xcdatamodel */ = {isa = PBXFileReference; lastKnownFileType = wrapper.xcdatamodel; path = FeedStore.xcdatamodel; sourceTree = "<group>"; };
		39B95558260225F8007E9334 /* ValidateFeedCacheUseCaseTests.swift */ = {isa = PBXFileReference; lastKnownFileType = sourcecode.swift; path = ValidateFeedCacheUseCaseTests.swift; sourceTree = "<group>"; };
		39B9555D260230F0007E9334 /* FeedCacheTestHelper.swift */ = {isa = PBXFileReference; lastKnownFileType = sourcecode.swift; path = FeedCacheTestHelper.swift; sourceTree = "<group>"; };
		39B9556226023217007E9334 /* SharedTestHelpers.swift */ = {isa = PBXFileReference; lastKnownFileType = sourcecode.swift; path = SharedTestHelpers.swift; sourceTree = "<group>"; };
		39D5DFDE25C56C76007EBA95 /* LocalFeedLoader.swift */ = {isa = PBXFileReference; lastKnownFileType = sourcecode.swift; path = LocalFeedLoader.swift; sourceTree = "<group>"; };
		39D5DFEF25C5790B007EBA95 /* FeedStore.swift */ = {isa = PBXFileReference; lastKnownFileType = sourcecode.swift; path = FeedStore.swift; sourceTree = "<group>"; };
		39DD16FF25654BE600948C82 /* URLSessionHTTPClientTests.swift */ = {isa = PBXFileReference; lastKnownFileType = sourcecode.swift; path = URLSessionHTTPClientTests.swift; sourceTree = "<group>"; };
		39DF8BB72637E71100F9E22C /* CoreDataHelpers.swift */ = {isa = PBXFileReference; lastKnownFileType = sourcecode.swift; path = CoreDataHelpers.swift; sourceTree = "<group>"; };
		39DF8BB92637E81B00F9E22C /* ManagedCache.swift */ = {isa = PBXFileReference; lastKnownFileType = sourcecode.swift; path = ManagedCache.swift; sourceTree = "<group>"; };
		39DF8BBB2637E84500F9E22C /* ManagedFeedImage.swift */ = {isa = PBXFileReference; lastKnownFileType = sourcecode.swift; path = ManagedFeedImage.swift; sourceTree = "<group>"; };
		39E676F72627D0BE000C5ECF /* CodableFeedStoreTests.swift */ = {isa = PBXFileReference; lastKnownFileType = sourcecode.swift; path = CodableFeedStoreTests.swift; sourceTree = "<group>"; };
		39E67714262EEE81000C5ECF /* CodableFeedStore.swift */ = {isa = PBXFileReference; lastKnownFileType = sourcecode.swift; path = CodableFeedStore.swift; sourceTree = "<group>"; };
		39E6772A26312196000C5ECF /* FeedStoreSpecs.swift */ = {isa = PBXFileReference; lastKnownFileType = sourcecode.swift; path = FeedStoreSpecs.swift; sourceTree = "<group>"; };
		39E6772F26312364000C5ECF /* XCTestCase+FeedStoreSpecs.swift */ = {isa = PBXFileReference; lastKnownFileType = sourcecode.swift; path = "XCTestCase+FeedStoreSpecs.swift"; sourceTree = "<group>"; };
		39E677352631524F000C5ECF /* XCTestCase+FailableRetrieveFeedStoreSpecs.swift */ = {isa = PBXFileReference; lastKnownFileType = sourcecode.swift; path = "XCTestCase+FailableRetrieveFeedStoreSpecs.swift"; sourceTree = "<group>"; };
		39E6773D26316F4A000C5ECF /* XCTestCase+FailableInsertFeedStoreSpecs.swift */ = {isa = PBXFileReference; lastKnownFileType = sourcecode.swift; path = "XCTestCase+FailableInsertFeedStoreSpecs.swift"; sourceTree = "<group>"; };
		39E6774226325C09000C5ECF /* XCTestCase+FailableDeleteFeedStoreSpecs.swift */ = {isa = PBXFileReference; lastKnownFileType = sourcecode.swift; path = "XCTestCase+FailableDeleteFeedStoreSpecs.swift"; sourceTree = "<group>"; };
		39FEAFBC25B8556100994E37 /* CacheFeedUseCaseTests.swift */ = {isa = PBXFileReference; lastKnownFileType = sourcecode.swift; path = CacheFeedUseCaseTests.swift; sourceTree = "<group>"; };
/* End PBXFileReference section */

/* Begin PBXFrameworksBuildPhase section */
		3908C15A251B8553006503FB /* Frameworks */ = {
			isa = PBXFrameworksBuildPhase;
			buildActionMask = 2147483647;
			files = (
			);
			runOnlyForDeploymentPostprocessing = 0;
		};
		3908C163251B8553006503FB /* Frameworks */ = {
			isa = PBXFrameworksBuildPhase;
			buildActionMask = 2147483647;
			files = (
				3908C167251B8553006503FB /* EssentialFeed.framework in Frameworks */,
			);
			runOnlyForDeploymentPostprocessing = 0;
		};
		3937CFCD2643D75400D59C61 /* Frameworks */ = {
			isa = PBXFrameworksBuildPhase;
			buildActionMask = 2147483647;
			files = (
			);
			runOnlyForDeploymentPostprocessing = 0;
		};
		3937CFD52643D75500D59C61 /* Frameworks */ = {
			isa = PBXFrameworksBuildPhase;
			buildActionMask = 2147483647;
			files = (
				3937CFD92643D75500D59C61 /* EssentialFeediOS.framework in Frameworks */,
			);
			runOnlyForDeploymentPostprocessing = 0;
		};
		393F9058258CD6AD00BD4074 /* Frameworks */ = {
			isa = PBXFrameworksBuildPhase;
			buildActionMask = 2147483647;
			files = (
				393F9060258CD6AD00BD4074 /* EssentialFeed.framework in Frameworks */,
			);
			runOnlyForDeploymentPostprocessing = 0;
		};
		39527FF6263A535E00065798 /* Frameworks */ = {
			isa = PBXFrameworksBuildPhase;
			buildActionMask = 2147483647;
			files = (
				39527FFE263A535E00065798 /* EssentialFeed.framework in Frameworks */,
			);
			runOnlyForDeploymentPostprocessing = 0;
		};
/* End PBXFrameworksBuildPhase section */

/* Begin PBXGroup section */
		3908C153251B8553006503FB = {
			isa = PBXGroup;
			children = (
				3908C15F251B8553006503FB /* EssentialFeed */,
				3908C16A251B8553006503FB /* EssentialFeedTests */,
				393F905C258CD6AD00BD4074 /* EssentialFeedAPIEndToEndTests */,
				39527FFA263A535E00065798 /* EssentialFeedCacheIntegrationTests */,
				3937CFD12643D75400D59C61 /* EssentialFeediOS */,
				3937CFDC2643D75500D59C61 /* EssentialFeediOSTests */,
				3908C15E251B8553006503FB /* Products */,
			);
			sourceTree = "<group>";
		};
		3908C15E251B8553006503FB /* Products */ = {
			isa = PBXGroup;
			children = (
				3908C15D251B8553006503FB /* EssentialFeed.framework */,
				3908C166251B8553006503FB /* EssentialFeedTests.xctest */,
				393F905B258CD6AD00BD4074 /* EssentialFeedAPIEndToEndTests.xctest */,
				39527FF9263A535E00065798 /* EssentialFeedCacheIntegrationTests.xctest */,
				3937CFD02643D75400D59C61 /* EssentialFeediOS.framework */,
				3937CFD82643D75500D59C61 /* EssentialFeediOSTests.xctest */,
			);
			name = Products;
			sourceTree = "<group>";
		};
		3908C15F251B8553006503FB /* EssentialFeed */ = {
			isa = PBXGroup;
			children = (
				3908C160251B8553006503FB /* EssentialFeed.h */,
				3908C161251B8553006503FB /* Info.plist */,
				39D5DFDD25C56C50007EBA95 /* Feed Cache */,
				3908C17B251B8749006503FB /* Feed Feature */,
				393C2324254702EF00B0FD22 /* Feed API */,
			);
			path = EssentialFeed;
			sourceTree = "<group>";
		};
		3908C16A251B8553006503FB /* EssentialFeedTests */ = {
			isa = PBXGroup;
			children = (
				3908C16B251B8553006503FB /* EssentialFeedTests.swift */,
				3908C16D251B8553006503FB /* Info.plist */,
				39612B66256FD01B00EAB562 /* Helpers */,
				39FEAFBB25B8553A00994E37 /* Feed Cache */,
				3946406B255C127A0017F3C1 /* Feed API */,
			);
			path = EssentialFeedTests;
			sourceTree = "<group>";
		};
		3908C17B251B8749006503FB /* Feed Feature */ = {
			isa = PBXGroup;
			children = (
				3908C177251B859B006503FB /* FeedImage.swift */,
				3908C179251B8627006503FB /* FeedLoader.swift */,
			);
			path = "Feed Feature";
			sourceTree = "<group>";
		};
		3937CFD12643D75400D59C61 /* EssentialFeediOS */ = {
			isa = PBXGroup;
			children = (
				3937CFD32643D75400D59C61 /* Info.plist */,
			);
			path = EssentialFeediOS;
			sourceTree = "<group>";
		};
		3937CFDC2643D75500D59C61 /* EssentialFeediOSTests */ = {
			isa = PBXGroup;
			children = (
				3937CFDF2643D75500D59C61 /* Info.plist */,
				390C666C2648D9320054CA08 /* FeedViewControllerTests.swift */,
				390C666B2648D9310054CA08 /* EssentialFeediOSTests-Bridging-Header.h */,
			);
			path = EssentialFeediOSTests;
			sourceTree = "<group>";
		};
		393C2324254702EF00B0FD22 /* Feed API */ = {
			isa = PBXGroup;
			children = (
				393C23252547032300B0FD22 /* RemoteFeedLoader.swift */,
				39464063255C07680017F3C1 /* HTTPClient.swift */,
				39464067255C08460017F3C1 /* FeedItemsMapper.swift */,
				392CD9FD25EFDA5800917E47 /* RemoteFeedItem.swift */,
				39058ABA25738ECD00727995 /* URLSessionHTTPClient.swift */,
			);
			path = "Feed API";
			sourceTree = "<group>";
		};
		393F905C258CD6AD00BD4074 /* EssentialFeedAPIEndToEndTests */ = {
			isa = PBXGroup;
			children = (
				393F905D258CD6AD00BD4074 /* EssentialFeedAPIEndToEndTests.swift */,
				393F905F258CD6AD00BD4074 /* Info.plist */,
			);
			path = EssentialFeedAPIEndToEndTests;
			sourceTree = "<group>";
		};
		3946406B255C127A0017F3C1 /* Feed API */ = {
			isa = PBXGroup;
			children = (
				3954EC5B253C71DA005389EA /* LoadFeedFromRemoteUseCaseTests.swift */,
				39DD16FF25654BE600948C82 /* URLSessionHTTPClientTests.swift */,
			);
			path = "Feed API";
			sourceTree = "<group>";
		};
		394A5CF825F4FF3500C2851A /* Helpers */ = {
			isa = PBXGroup;
			children = (
				394A5CF925F4FF5E00C2851A /* FeedStoreSpy.swift */,
				39B9555D260230F0007E9334 /* FeedCacheTestHelper.swift */,
			);
			path = Helpers;
			sourceTree = "<group>";
		};
		39527FFA263A535E00065798 /* EssentialFeedCacheIntegrationTests */ = {
			isa = PBXGroup;
			children = (
				39527FFB263A535E00065798 /* EssentialFeedCacheIntegrationTests.swift */,
				39527FFD263A535E00065798 /* Info.plist */,
			);
			path = EssentialFeedCacheIntegrationTests;
			sourceTree = "<group>";
		};
		39612B66256FD01B00EAB562 /* Helpers */ = {
			isa = PBXGroup;
			children = (
				39612B67256FD06800EAB562 /* XCTestCase+MemoryLeakTracking.swift */,
				39B9556226023217007E9334 /* SharedTestHelpers.swift */,
			);
			path = Helpers;
			sourceTree = "<group>";
		};
		399B080C2632EC7500A98A83 /* Infrastructure */ = {
			isa = PBXGroup;
			children = (
				39DF8BB62637E5C400F9E22C /* Codable */,
				399B080D2632EC9100A98A83 /* CoreData */,
			);
			path = Infrastructure;
			sourceTree = "<group>";
		};
		399B080D2632EC9100A98A83 /* CoreData */ = {
			isa = PBXGroup;
			children = (
				399B082A26365CC400A98A83 /* CoreDataFeedStore.swift */,
				39DF8BB92637E81B00F9E22C /* ManagedCache.swift */,
				39DF8BBB2637E84500F9E22C /* ManagedFeedImage.swift */,
				399B08422636636D00A98A83 /* FeedStore.xcdatamodeld */,
				39DF8BB72637E71100F9E22C /* CoreDataHelpers.swift */,
			);
			path = CoreData;
			sourceTree = "<group>";
		};
		39D5DFDD25C56C50007EBA95 /* Feed Cache */ = {
			isa = PBXGroup;
			children = (
				399B080C2632EC7500A98A83 /* Infrastructure */,
				39D5DFDE25C56C76007EBA95 /* LocalFeedLoader.swift */,
				39D5DFEF25C5790B007EBA95 /* FeedStore.swift */,
				392CDA0225EFDACB00917E47 /* LocalFeedImage.swift */,
				3916A908261E9D0100613B4A /* FeedCachePolicy.swift */,
			);
			path = "Feed Cache";
			sourceTree = "<group>";
		};
		39DF8BB62637E5C400F9E22C /* Codable */ = {
			isa = PBXGroup;
			children = (
				39E67714262EEE81000C5ECF /* CodableFeedStore.swift */,
			);
			path = Codable;
			sourceTree = "<group>";
		};
		39E677342631520F000C5ECF /* FeedStoreSpecs */ = {
			isa = PBXGroup;
			children = (
				39E6772A26312196000C5ECF /* FeedStoreSpecs.swift */,
				39E6772F26312364000C5ECF /* XCTestCase+FeedStoreSpecs.swift */,
				39E677352631524F000C5ECF /* XCTestCase+FailableRetrieveFeedStoreSpecs.swift */,
				39E6773D26316F4A000C5ECF /* XCTestCase+FailableInsertFeedStoreSpecs.swift */,
				39E6774226325C09000C5ECF /* XCTestCase+FailableDeleteFeedStoreSpecs.swift */,
			);
			path = FeedStoreSpecs;
			sourceTree = "<group>";
		};
		39FEAFBB25B8553A00994E37 /* Feed Cache */ = {
			isa = PBXGroup;
			children = (
				39E677342631520F000C5ECF /* FeedStoreSpecs */,
				394A5CF825F4FF3500C2851A /* Helpers */,
				39FEAFBC25B8556100994E37 /* CacheFeedUseCaseTests.swift */,
				394A5CF025F4D22400C2851A /* LoadFeedFormCacheUseCaseTests.swift */,
				39B95558260225F8007E9334 /* ValidateFeedCacheUseCaseTests.swift */,
				39E676F72627D0BE000C5ECF /* CodableFeedStoreTests.swift */,
				399B08102636569F00A98A83 /* CoreDataFeedStoreTests.swift */,
			);
			path = "Feed Cache";
			sourceTree = "<group>";
		};
/* End PBXGroup section */

/* Begin PBXHeadersBuildPhase section */
		3908C158251B8553006503FB /* Headers */ = {
			isa = PBXHeadersBuildPhase;
			buildActionMask = 2147483647;
			files = (
				3908C16E251B8553006503FB /* EssentialFeed.h in Headers */,
			);
			runOnlyForDeploymentPostprocessing = 0;
		};
		3937CFCB2643D75400D59C61 /* Headers */ = {
			isa = PBXHeadersBuildPhase;
			buildActionMask = 2147483647;
			files = (
			);
			runOnlyForDeploymentPostprocessing = 0;
		};
/* End PBXHeadersBuildPhase section */

/* Begin PBXNativeTarget section */
		3908C15C251B8553006503FB /* EssentialFeed */ = {
			isa = PBXNativeTarget;
			buildConfigurationList = 3908C171251B8553006503FB /* Build configuration list for PBXNativeTarget "EssentialFeed" */;
			buildPhases = (
				3908C158251B8553006503FB /* Headers */,
				3908C159251B8553006503FB /* Sources */,
				3908C15A251B8553006503FB /* Frameworks */,
				3908C15B251B8553006503FB /* Resources */,
			);
			buildRules = (
			);
			dependencies = (
			);
			name = EssentialFeed;
			productName = EssentialFeed;
			productReference = 3908C15D251B8553006503FB /* EssentialFeed.framework */;
			productType = "com.apple.product-type.framework";
		};
		3908C165251B8553006503FB /* EssentialFeedTests */ = {
			isa = PBXNativeTarget;
			buildConfigurationList = 3908C174251B8553006503FB /* Build configuration list for PBXNativeTarget "EssentialFeedTests" */;
			buildPhases = (
				3908C162251B8553006503FB /* Sources */,
				3908C163251B8553006503FB /* Frameworks */,
				3908C164251B8553006503FB /* Resources */,
			);
			buildRules = (
			);
			dependencies = (
				3908C169251B8553006503FB /* PBXTargetDependency */,
			);
			name = EssentialFeedTests;
			productName = EssentialFeedTests;
			productReference = 3908C166251B8553006503FB /* EssentialFeedTests.xctest */;
			productType = "com.apple.product-type.bundle.unit-test";
		};
		3937CFCF2643D75400D59C61 /* EssentialFeediOS */ = {
			isa = PBXNativeTarget;
			buildConfigurationList = 3937CFE12643D75500D59C61 /* Build configuration list for PBXNativeTarget "EssentialFeediOS" */;
			buildPhases = (
				3937CFCB2643D75400D59C61 /* Headers */,
				3937CFCC2643D75400D59C61 /* Sources */,
				3937CFCD2643D75400D59C61 /* Frameworks */,
				3937CFCE2643D75400D59C61 /* Resources */,
			);
			buildRules = (
			);
			dependencies = (
			);
			name = EssentialFeediOS;
			productName = EssentialFeediOS;
			productReference = 3937CFD02643D75400D59C61 /* EssentialFeediOS.framework */;
			productType = "com.apple.product-type.framework";
		};
		3937CFD72643D75500D59C61 /* EssentialFeediOSTests */ = {
			isa = PBXNativeTarget;
			buildConfigurationList = 3937CFE42643D75500D59C61 /* Build configuration list for PBXNativeTarget "EssentialFeediOSTests" */;
			buildPhases = (
				3937CFD42643D75500D59C61 /* Sources */,
				3937CFD52643D75500D59C61 /* Frameworks */,
				3937CFD62643D75500D59C61 /* Resources */,
			);
			buildRules = (
			);
			dependencies = (
				3937CFDB2643D75500D59C61 /* PBXTargetDependency */,
			);
			name = EssentialFeediOSTests;
			productName = EssentialFeediOSTests;
			productReference = 3937CFD82643D75500D59C61 /* EssentialFeediOSTests.xctest */;
			productType = "com.apple.product-type.bundle.unit-test";
		};
		393F905A258CD6AD00BD4074 /* EssentialFeedAPIEndToEndTests */ = {
			isa = PBXNativeTarget;
			buildConfigurationList = 393F9065258CD6AD00BD4074 /* Build configuration list for PBXNativeTarget "EssentialFeedAPIEndToEndTests" */;
			buildPhases = (
				393F9057258CD6AD00BD4074 /* Sources */,
				393F9058258CD6AD00BD4074 /* Frameworks */,
				393F9059258CD6AD00BD4074 /* Resources */,
			);
			buildRules = (
			);
			dependencies = (
				393F9062258CD6AD00BD4074 /* PBXTargetDependency */,
			);
			name = EssentialFeedAPIEndToEndTests;
			productName = EssentialFeedAPIEndToEndTests;
			productReference = 393F905B258CD6AD00BD4074 /* EssentialFeedAPIEndToEndTests.xctest */;
			productType = "com.apple.product-type.bundle.unit-test";
		};
		39527FF8263A535E00065798 /* EssentialFeedCacheIntegrationTests */ = {
			isa = PBXNativeTarget;
			buildConfigurationList = 39528001263A535E00065798 /* Build configuration list for PBXNativeTarget "EssentialFeedCacheIntegrationTests" */;
			buildPhases = (
				39527FF5263A535E00065798 /* Sources */,
				39527FF6263A535E00065798 /* Frameworks */,
				39527FF7263A535E00065798 /* Resources */,
			);
			buildRules = (
			);
			dependencies = (
				39528000263A535E00065798 /* PBXTargetDependency */,
			);
			name = EssentialFeedCacheIntegrationTests;
			productName = EssentialFeedCacheIntegrationTests;
			productReference = 39527FF9263A535E00065798 /* EssentialFeedCacheIntegrationTests.xctest */;
			productType = "com.apple.product-type.bundle.unit-test";
		};
/* End PBXNativeTarget section */

/* Begin PBXProject section */
		3908C154251B8553006503FB /* Project object */ = {
			isa = PBXProject;
			attributes = {
				BuildIndependentTargetsInParallel = YES;
				LastSwiftUpdateCheck = 1250;
				LastUpgradeCheck = 1170;
				ORGANIZATIONNAME = Min;
				TargetAttributes = {
					3908C15C251B8553006503FB = {
						CreatedOnToolsVersion = 11.7;
						LastSwiftMigration = 1170;
					};
					3908C165251B8553006503FB = {
						CreatedOnToolsVersion = 11.7;
					};
					3937CFCF2643D75400D59C61 = {
						CreatedOnToolsVersion = 12.5;
					};
					3937CFD72643D75500D59C61 = {
						CreatedOnToolsVersion = 12.5;
						LastSwiftMigration = 1250;
					};
					393F905A258CD6AD00BD4074 = {
						CreatedOnToolsVersion = 12.3;
					};
					39527FF8263A535E00065798 = {
						CreatedOnToolsVersion = 12.5;
					};
				};
			};
			buildConfigurationList = 3908C157251B8553006503FB /* Build configuration list for PBXProject "EssentialFeed" */;
			compatibilityVersion = "Xcode 9.3";
			developmentRegion = en;
			hasScannedForEncodings = 0;
			knownRegions = (
				en,
				Base,
			);
			mainGroup = 3908C153251B8553006503FB;
			productRefGroup = 3908C15E251B8553006503FB /* Products */;
			projectDirPath = "";
			projectRoot = "";
			targets = (
				3908C15C251B8553006503FB /* EssentialFeed */,
				3908C165251B8553006503FB /* EssentialFeedTests */,
				393F905A258CD6AD00BD4074 /* EssentialFeedAPIEndToEndTests */,
				39527FF8263A535E00065798 /* EssentialFeedCacheIntegrationTests */,
				3937CFCF2643D75400D59C61 /* EssentialFeediOS */,
				3937CFD72643D75500D59C61 /* EssentialFeediOSTests */,
			);
		};
/* End PBXProject section */

/* Begin PBXResourcesBuildPhase section */
		3908C15B251B8553006503FB /* Resources */ = {
			isa = PBXResourcesBuildPhase;
			buildActionMask = 2147483647;
			files = (
			);
			runOnlyForDeploymentPostprocessing = 0;
		};
		3908C164251B8553006503FB /* Resources */ = {
			isa = PBXResourcesBuildPhase;
			buildActionMask = 2147483647;
			files = (
			);
			runOnlyForDeploymentPostprocessing = 0;
		};
		3937CFCE2643D75400D59C61 /* Resources */ = {
			isa = PBXResourcesBuildPhase;
			buildActionMask = 2147483647;
			files = (
			);
			runOnlyForDeploymentPostprocessing = 0;
		};
		3937CFD62643D75500D59C61 /* Resources */ = {
			isa = PBXResourcesBuildPhase;
			buildActionMask = 2147483647;
			files = (
			);
			runOnlyForDeploymentPostprocessing = 0;
		};
		393F9059258CD6AD00BD4074 /* Resources */ = {
			isa = PBXResourcesBuildPhase;
			buildActionMask = 2147483647;
			files = (
			);
			runOnlyForDeploymentPostprocessing = 0;
		};
		39527FF7263A535E00065798 /* Resources */ = {
			isa = PBXResourcesBuildPhase;
			buildActionMask = 2147483647;
			files = (
			);
			runOnlyForDeploymentPostprocessing = 0;
		};
/* End PBXResourcesBuildPhase section */

/* Begin PBXSourcesBuildPhase section */
		3908C159251B8553006503FB /* Sources */ = {
			isa = PBXSourcesBuildPhase;
			buildActionMask = 2147483647;
			files = (
				39DF8BB82637E71100F9E22C /* CoreDataHelpers.swift in Sources */,
				39464068255C08460017F3C1 /* FeedItemsMapper.swift in Sources */,
				3908C17A251B8627006503FB /* FeedLoader.swift in Sources */,
				392CD9FE25EFDA5800917E47 /* RemoteFeedItem.swift in Sources */,
				3916A909261E9D0100613B4A /* FeedCachePolicy.swift in Sources */,
				393C23262547032300B0FD22 /* RemoteFeedLoader.swift in Sources */,
				399B08442636636D00A98A83 /* FeedStore.xcdatamodeld in Sources */,
				392CDA0325EFDACB00917E47 /* LocalFeedImage.swift in Sources */,
				39D5DFF025C5790B007EBA95 /* FeedStore.swift in Sources */,
				39D5DFDF25C56C76007EBA95 /* LocalFeedLoader.swift in Sources */,
				39E67715262EEE81000C5ECF /* CodableFeedStore.swift in Sources */,
				39464064255C07680017F3C1 /* HTTPClient.swift in Sources */,
				3908C178251B859B006503FB /* FeedImage.swift in Sources */,
				39058ABB25738ECD00727995 /* URLSessionHTTPClient.swift in Sources */,
				39DF8BBA2637E81B00F9E22C /* ManagedCache.swift in Sources */,
				399B082B26365CC400A98A83 /* CoreDataFeedStore.swift in Sources */,
				39DF8BBC2637E84500F9E22C /* ManagedFeedImage.swift in Sources */,
			);
			runOnlyForDeploymentPostprocessing = 0;
		};
		3908C162251B8553006503FB /* Sources */ = {
			isa = PBXSourcesBuildPhase;
			buildActionMask = 2147483647;
			files = (
				39E6773026312364000C5ECF /* XCTestCase+FeedStoreSpecs.swift in Sources */,
				39E676F82627D0BE000C5ECF /* CodableFeedStoreTests.swift in Sources */,
				3954EC5C253C71DA005389EA /* LoadFeedFromRemoteUseCaseTests.swift in Sources */,
				399B08112636569F00A98A83 /* CoreDataFeedStoreTests.swift in Sources */,
				39E677362631524F000C5ECF /* XCTestCase+FailableRetrieveFeedStoreSpecs.swift in Sources */,
				39612B68256FD06800EAB562 /* XCTestCase+MemoryLeakTracking.swift in Sources */,
				39B9556326023217007E9334 /* SharedTestHelpers.swift in Sources */,
				394A5CF125F4D22400C2851A /* LoadFeedFormCacheUseCaseTests.swift in Sources */,
				3908C16C251B8553006503FB /* EssentialFeedTests.swift in Sources */,
				39B95559260225F8007E9334 /* ValidateFeedCacheUseCaseTests.swift in Sources */,
				394A5CFA25F4FF5E00C2851A /* FeedStoreSpy.swift in Sources */,
				39B9555E260230F0007E9334 /* FeedCacheTestHelper.swift in Sources */,
				39FEAFBD25B8556100994E37 /* CacheFeedUseCaseTests.swift in Sources */,
				399B08452636636D00A98A83 /* FeedStore.xcdatamodeld in Sources */,
				39E6774326325C09000C5ECF /* XCTestCase+FailableDeleteFeedStoreSpecs.swift in Sources */,
				39E6772B26312196000C5ECF /* FeedStoreSpecs.swift in Sources */,
				39DD170025654BE600948C82 /* URLSessionHTTPClientTests.swift in Sources */,
				39E6773E26316F4A000C5ECF /* XCTestCase+FailableInsertFeedStoreSpecs.swift in Sources */,
			);
			runOnlyForDeploymentPostprocessing = 0;
		};
		3937CFCC2643D75400D59C61 /* Sources */ = {
			isa = PBXSourcesBuildPhase;
			buildActionMask = 2147483647;
			files = (
			);
			runOnlyForDeploymentPostprocessing = 0;
		};
		3937CFD42643D75500D59C61 /* Sources */ = {
			isa = PBXSourcesBuildPhase;
			buildActionMask = 2147483647;
			files = (
				390C666D2648D9320054CA08 /* FeedViewControllerTests.swift in Sources */,
			);
			runOnlyForDeploymentPostprocessing = 0;
		};
		393F9057258CD6AD00BD4074 /* Sources */ = {
			isa = PBXSourcesBuildPhase;
			buildActionMask = 2147483647;
			files = (
				393F905E258CD6AD00BD4074 /* EssentialFeedAPIEndToEndTests.swift in Sources */,
				399ADAD0258F4603005B95BA /* XCTestCase+MemoryLeakTracking.swift in Sources */,
			);
			runOnlyForDeploymentPostprocessing = 0;
		};
		39527FF5263A535E00065798 /* Sources */ = {
			isa = PBXSourcesBuildPhase;
			buildActionMask = 2147483647;
			files = (
				39528006263A5C5200065798 /* SharedTestHelpers.swift in Sources */,
				39528005263A5C3300065798 /* FeedCacheTestHelper.swift in Sources */,
				39527FFC263A535E00065798 /* EssentialFeedCacheIntegrationTests.swift in Sources */,
				39528004263A563400065798 /* XCTestCase+MemoryLeakTracking.swift in Sources */,
			);
			runOnlyForDeploymentPostprocessing = 0;
		};
/* End PBXSourcesBuildPhase section */

/* Begin PBXTargetDependency section */
		3908C169251B8553006503FB /* PBXTargetDependency */ = {
			isa = PBXTargetDependency;
			target = 3908C15C251B8553006503FB /* EssentialFeed */;
			targetProxy = 3908C168251B8553006503FB /* PBXContainerItemProxy */;
		};
		3937CFDB2643D75500D59C61 /* PBXTargetDependency */ = {
			isa = PBXTargetDependency;
			target = 3937CFCF2643D75400D59C61 /* EssentialFeediOS */;
			targetProxy = 3937CFDA2643D75500D59C61 /* PBXContainerItemProxy */;
		};
		393F9062258CD6AD00BD4074 /* PBXTargetDependency */ = {
			isa = PBXTargetDependency;
			target = 3908C15C251B8553006503FB /* EssentialFeed */;
			targetProxy = 393F9061258CD6AD00BD4074 /* PBXContainerItemProxy */;
		};
		39528000263A535E00065798 /* PBXTargetDependency */ = {
			isa = PBXTargetDependency;
			target = 3908C15C251B8553006503FB /* EssentialFeed */;
			targetProxy = 39527FFF263A535E00065798 /* PBXContainerItemProxy */;
		};
/* End PBXTargetDependency section */

/* Begin XCBuildConfiguration section */
		3908C16F251B8553006503FB /* Debug */ = {
			isa = XCBuildConfiguration;
			buildSettings = {
				ALWAYS_SEARCH_USER_PATHS = NO;
				CLANG_ANALYZER_NONNULL = YES;
				CLANG_ANALYZER_NUMBER_OBJECT_CONVERSION = YES_AGGRESSIVE;
				CLANG_CXX_LANGUAGE_STANDARD = "gnu++14";
				CLANG_CXX_LIBRARY = "libc++";
				CLANG_ENABLE_MODULES = YES;
				CLANG_ENABLE_OBJC_ARC = YES;
				CLANG_ENABLE_OBJC_WEAK = YES;
				CLANG_WARN_BLOCK_CAPTURE_AUTORELEASING = YES;
				CLANG_WARN_BOOL_CONVERSION = YES;
				CLANG_WARN_COMMA = YES;
				CLANG_WARN_CONSTANT_CONVERSION = YES;
				CLANG_WARN_DEPRECATED_OBJC_IMPLEMENTATIONS = YES;
				CLANG_WARN_DIRECT_OBJC_ISA_USAGE = YES_ERROR;
				CLANG_WARN_DOCUMENTATION_COMMENTS = YES;
				CLANG_WARN_EMPTY_BODY = YES;
				CLANG_WARN_ENUM_CONVERSION = YES;
				CLANG_WARN_INFINITE_RECURSION = YES;
				CLANG_WARN_INT_CONVERSION = YES;
				CLANG_WARN_NON_LITERAL_NULL_CONVERSION = YES;
				CLANG_WARN_OBJC_IMPLICIT_RETAIN_SELF = YES;
				CLANG_WARN_OBJC_LITERAL_CONVERSION = YES;
				CLANG_WARN_OBJC_ROOT_CLASS = YES_ERROR;
				CLANG_WARN_RANGE_LOOP_ANALYSIS = YES;
				CLANG_WARN_STRICT_PROTOTYPES = YES;
				CLANG_WARN_SUSPICIOUS_MOVE = YES;
				CLANG_WARN_UNGUARDED_AVAILABILITY = YES_AGGRESSIVE;
				CLANG_WARN_UNREACHABLE_CODE = YES;
				CLANG_WARN__DUPLICATE_METHOD_MATCH = YES;
				COPY_PHASE_STRIP = NO;
				CURRENT_PROJECT_VERSION = 1;
				DEBUG_INFORMATION_FORMAT = dwarf;
				ENABLE_STRICT_OBJC_MSGSEND = YES;
				ENABLE_TESTABILITY = YES;
				GCC_C_LANGUAGE_STANDARD = gnu11;
				GCC_DYNAMIC_NO_PIC = NO;
				GCC_NO_COMMON_BLOCKS = YES;
				GCC_OPTIMIZATION_LEVEL = 0;
				GCC_PREPROCESSOR_DEFINITIONS = (
					"DEBUG=1",
					"$(inherited)",
				);
				GCC_WARN_64_TO_32_BIT_CONVERSION = YES;
				GCC_WARN_ABOUT_RETURN_TYPE = YES_ERROR;
				GCC_WARN_UNDECLARED_SELECTOR = YES;
				GCC_WARN_UNINITIALIZED_AUTOS = YES_AGGRESSIVE;
				GCC_WARN_UNUSED_FUNCTION = YES;
				GCC_WARN_UNUSED_VARIABLE = YES;
				IPHONEOS_DEPLOYMENT_TARGET = 13.7;
				MTL_ENABLE_DEBUG_INFO = INCLUDE_SOURCE;
				MTL_FAST_MATH = YES;
				ONLY_ACTIVE_ARCH = YES;
				SDKROOT = iphoneos;
				SWIFT_ACTIVE_COMPILATION_CONDITIONS = DEBUG;
				SWIFT_OPTIMIZATION_LEVEL = "-Onone";
				VERSIONING_SYSTEM = "apple-generic";
				VERSION_INFO_PREFIX = "";
			};
			name = Debug;
		};
		3908C170251B8553006503FB /* Release */ = {
			isa = XCBuildConfiguration;
			buildSettings = {
				ALWAYS_SEARCH_USER_PATHS = NO;
				CLANG_ANALYZER_NONNULL = YES;
				CLANG_ANALYZER_NUMBER_OBJECT_CONVERSION = YES_AGGRESSIVE;
				CLANG_CXX_LANGUAGE_STANDARD = "gnu++14";
				CLANG_CXX_LIBRARY = "libc++";
				CLANG_ENABLE_MODULES = YES;
				CLANG_ENABLE_OBJC_ARC = YES;
				CLANG_ENABLE_OBJC_WEAK = YES;
				CLANG_WARN_BLOCK_CAPTURE_AUTORELEASING = YES;
				CLANG_WARN_BOOL_CONVERSION = YES;
				CLANG_WARN_COMMA = YES;
				CLANG_WARN_CONSTANT_CONVERSION = YES;
				CLANG_WARN_DEPRECATED_OBJC_IMPLEMENTATIONS = YES;
				CLANG_WARN_DIRECT_OBJC_ISA_USAGE = YES_ERROR;
				CLANG_WARN_DOCUMENTATION_COMMENTS = YES;
				CLANG_WARN_EMPTY_BODY = YES;
				CLANG_WARN_ENUM_CONVERSION = YES;
				CLANG_WARN_INFINITE_RECURSION = YES;
				CLANG_WARN_INT_CONVERSION = YES;
				CLANG_WARN_NON_LITERAL_NULL_CONVERSION = YES;
				CLANG_WARN_OBJC_IMPLICIT_RETAIN_SELF = YES;
				CLANG_WARN_OBJC_LITERAL_CONVERSION = YES;
				CLANG_WARN_OBJC_ROOT_CLASS = YES_ERROR;
				CLANG_WARN_RANGE_LOOP_ANALYSIS = YES;
				CLANG_WARN_STRICT_PROTOTYPES = YES;
				CLANG_WARN_SUSPICIOUS_MOVE = YES;
				CLANG_WARN_UNGUARDED_AVAILABILITY = YES_AGGRESSIVE;
				CLANG_WARN_UNREACHABLE_CODE = YES;
				CLANG_WARN__DUPLICATE_METHOD_MATCH = YES;
				COPY_PHASE_STRIP = NO;
				CURRENT_PROJECT_VERSION = 1;
				DEBUG_INFORMATION_FORMAT = "dwarf-with-dsym";
				ENABLE_NS_ASSERTIONS = NO;
				ENABLE_STRICT_OBJC_MSGSEND = YES;
				GCC_C_LANGUAGE_STANDARD = gnu11;
				GCC_NO_COMMON_BLOCKS = YES;
				GCC_WARN_64_TO_32_BIT_CONVERSION = YES;
				GCC_WARN_ABOUT_RETURN_TYPE = YES_ERROR;
				GCC_WARN_UNDECLARED_SELECTOR = YES;
				GCC_WARN_UNINITIALIZED_AUTOS = YES_AGGRESSIVE;
				GCC_WARN_UNUSED_FUNCTION = YES;
				GCC_WARN_UNUSED_VARIABLE = YES;
				IPHONEOS_DEPLOYMENT_TARGET = 13.7;
				MTL_ENABLE_DEBUG_INFO = NO;
				MTL_FAST_MATH = YES;
				SDKROOT = iphoneos;
				SWIFT_COMPILATION_MODE = wholemodule;
				SWIFT_OPTIMIZATION_LEVEL = "-O";
				VALIDATE_PRODUCT = YES;
				VERSIONING_SYSTEM = "apple-generic";
				VERSION_INFO_PREFIX = "";
			};
			name = Release;
		};
		3908C172251B8553006503FB /* Debug */ = {
			isa = XCBuildConfiguration;
			buildSettings = {
				CLANG_ENABLE_MODULES = YES;
				CODE_SIGN_STYLE = Automatic;
				DEFINES_MODULE = YES;
				DEVELOPMENT_TEAM = 2W4XUH8LUQ;
				DYLIB_COMPATIBILITY_VERSION = 1;
				DYLIB_CURRENT_VERSION = 1;
				DYLIB_INSTALL_NAME_BASE = "@rpath";
				INFOPLIST_FILE = EssentialFeed/Info.plist;
				INSTALL_PATH = "$(LOCAL_LIBRARY_DIR)/Frameworks";
				"IPHONEOS_DEPLOYMENT_TARGET[sdk=macosx*]" = 13.5;
				LD_RUNPATH_SEARCH_PATHS = (
					"$(inherited)",
					"@executable_path/Frameworks",
					"@loader_path/Frameworks",
				);
				PRODUCT_BUNDLE_IDENTIFIER = com.min.EssentialFeed;
				PRODUCT_NAME = "$(TARGET_NAME:c99extidentifier)";
				SDKROOT = macosx;
				SKIP_INSTALL = YES;
				SUPPORTED_PLATFORMS = "iphonesimulator iphoneos macosx";
				SWIFT_OPTIMIZATION_LEVEL = "-Onone";
				SWIFT_VERSION = 5.0;
				TARGETED_DEVICE_FAMILY = "1,2";
			};
			name = Debug;
		};
		3908C173251B8553006503FB /* Release */ = {
			isa = XCBuildConfiguration;
			buildSettings = {
				CLANG_ENABLE_MODULES = YES;
				CODE_SIGN_STYLE = Automatic;
				DEFINES_MODULE = YES;
				DEVELOPMENT_TEAM = 2W4XUH8LUQ;
				DYLIB_COMPATIBILITY_VERSION = 1;
				DYLIB_CURRENT_VERSION = 1;
				DYLIB_INSTALL_NAME_BASE = "@rpath";
				INFOPLIST_FILE = EssentialFeed/Info.plist;
				INSTALL_PATH = "$(LOCAL_LIBRARY_DIR)/Frameworks";
				"IPHONEOS_DEPLOYMENT_TARGET[sdk=macosx*]" = 13.5;
				LD_RUNPATH_SEARCH_PATHS = (
					"$(inherited)",
					"@executable_path/Frameworks",
					"@loader_path/Frameworks",
				);
				PRODUCT_BUNDLE_IDENTIFIER = com.min.EssentialFeed;
				PRODUCT_NAME = "$(TARGET_NAME:c99extidentifier)";
				SDKROOT = macosx;
				SKIP_INSTALL = YES;
				SUPPORTED_PLATFORMS = "iphonesimulator iphoneos macosx";
				SWIFT_VERSION = 5.0;
				TARGETED_DEVICE_FAMILY = "1,2";
			};
			name = Release;
		};
		3908C175251B8553006503FB /* Debug */ = {
			isa = XCBuildConfiguration;
			buildSettings = {
				ALWAYS_EMBED_SWIFT_STANDARD_LIBRARIES = YES;
				CODE_SIGN_STYLE = Automatic;
				DEVELOPMENT_TEAM = 2W4XUH8LUQ;
				INFOPLIST_FILE = EssentialFeedTests/Info.plist;
				LD_RUNPATH_SEARCH_PATHS = (
					"$(inherited)",
					"@executable_path/Frameworks",
					"@loader_path/Frameworks",
				);
				PRODUCT_BUNDLE_IDENTIFIER = com.min.EssentialFeedTests;
				PRODUCT_NAME = "$(TARGET_NAME)";
				SDKROOT = macosx;
				SUPPORTED_PLATFORMS = "macosx iphonesimulator iphoneos";
				SWIFT_VERSION = 5.0;
				TARGETED_DEVICE_FAMILY = "1,2";
			};
			name = Debug;
		};
		3908C176251B8553006503FB /* Release */ = {
			isa = XCBuildConfiguration;
			buildSettings = {
				ALWAYS_EMBED_SWIFT_STANDARD_LIBRARIES = YES;
				CODE_SIGN_STYLE = Automatic;
				DEVELOPMENT_TEAM = 2W4XUH8LUQ;
				INFOPLIST_FILE = EssentialFeedTests/Info.plist;
				LD_RUNPATH_SEARCH_PATHS = (
					"$(inherited)",
					"@executable_path/Frameworks",
					"@loader_path/Frameworks",
				);
				PRODUCT_BUNDLE_IDENTIFIER = com.min.EssentialFeedTests;
				PRODUCT_NAME = "$(TARGET_NAME)";
				SDKROOT = macosx;
				SUPPORTED_PLATFORMS = "macosx iphonesimulator iphoneos";
				SWIFT_VERSION = 5.0;
				TARGETED_DEVICE_FAMILY = "1,2";
			};
			name = Release;
		};
		3937CFE22643D75500D59C61 /* Debug */ = {
			isa = XCBuildConfiguration;
			buildSettings = {
				CLANG_WARN_QUOTED_INCLUDE_IN_FRAMEWORK_HEADER = YES;
				CODE_SIGN_STYLE = Automatic;
				DEFINES_MODULE = YES;
				DEVELOPMENT_TEAM = 2W4XUH8LUQ;
				DYLIB_COMPATIBILITY_VERSION = 1;
				DYLIB_CURRENT_VERSION = 1;
				DYLIB_INSTALL_NAME_BASE = "@rpath";
				INFOPLIST_FILE = EssentialFeediOS/Info.plist;
				INSTALL_PATH = "$(LOCAL_LIBRARY_DIR)/Frameworks";
				IPHONEOS_DEPLOYMENT_TARGET = 14.5;
				LD_RUNPATH_SEARCH_PATHS = (
					"$(inherited)",
					"@executable_path/Frameworks",
					"@loader_path/Frameworks",
				);
				PRODUCT_BUNDLE_IDENTIFIER = com.min.EssentialFeediOS;
				PRODUCT_NAME = "$(TARGET_NAME:c99extidentifier)";
				SKIP_INSTALL = YES;
				SWIFT_VERSION = 5.0;
				TARGETED_DEVICE_FAMILY = "1,2";
			};
			name = Debug;
		};
		3937CFE32643D75500D59C61 /* Release */ = {
			isa = XCBuildConfiguration;
			buildSettings = {
				CLANG_WARN_QUOTED_INCLUDE_IN_FRAMEWORK_HEADER = YES;
				CODE_SIGN_STYLE = Automatic;
				DEFINES_MODULE = YES;
				DEVELOPMENT_TEAM = 2W4XUH8LUQ;
				DYLIB_COMPATIBILITY_VERSION = 1;
				DYLIB_CURRENT_VERSION = 1;
				DYLIB_INSTALL_NAME_BASE = "@rpath";
				INFOPLIST_FILE = EssentialFeediOS/Info.plist;
				INSTALL_PATH = "$(LOCAL_LIBRARY_DIR)/Frameworks";
				IPHONEOS_DEPLOYMENT_TARGET = 14.5;
				LD_RUNPATH_SEARCH_PATHS = (
					"$(inherited)",
					"@executable_path/Frameworks",
					"@loader_path/Frameworks",
				);
				PRODUCT_BUNDLE_IDENTIFIER = com.min.EssentialFeediOS;
				PRODUCT_NAME = "$(TARGET_NAME:c99extidentifier)";
				SKIP_INSTALL = YES;
				SWIFT_VERSION = 5.0;
				TARGETED_DEVICE_FAMILY = "1,2";
			};
			name = Release;
		};
		3937CFE52643D75500D59C61 /* Debug */ = {
			isa = XCBuildConfiguration;
			buildSettings = {
				CLANG_ENABLE_MODULES = YES;
				CLANG_WARN_QUOTED_INCLUDE_IN_FRAMEWORK_HEADER = YES;
				CODE_SIGN_STYLE = Automatic;
				DEVELOPMENT_TEAM = 2W4XUH8LUQ;
				INFOPLIST_FILE = EssentialFeediOSTests/Info.plist;
				IPHONEOS_DEPLOYMENT_TARGET = 14.5;
				LD_RUNPATH_SEARCH_PATHS = (
					"$(inherited)",
					"@executable_path/Frameworks",
					"@loader_path/Frameworks",
				);
				PRODUCT_BUNDLE_IDENTIFIER = com.min.EssentialFeediOSTests;
				PRODUCT_NAME = "$(TARGET_NAME)";
				SWIFT_OBJC_BRIDGING_HEADER = "EssentialFeediOSTests/EssentialFeediOSTests-Bridging-Header.h";
				SWIFT_OPTIMIZATION_LEVEL = "-Onone";
				SWIFT_VERSION = 5.0;
				TARGETED_DEVICE_FAMILY = "1,2";
			};
			name = Debug;
		};
		3937CFE62643D75500D59C61 /* Release */ = {
			isa = XCBuildConfiguration;
			buildSettings = {
				CLANG_ENABLE_MODULES = YES;
				CLANG_WARN_QUOTED_INCLUDE_IN_FRAMEWORK_HEADER = YES;
				CODE_SIGN_STYLE = Automatic;
				DEVELOPMENT_TEAM = 2W4XUH8LUQ;
				INFOPLIST_FILE = EssentialFeediOSTests/Info.plist;
				IPHONEOS_DEPLOYMENT_TARGET = 14.5;
				LD_RUNPATH_SEARCH_PATHS = (
					"$(inherited)",
					"@executable_path/Frameworks",
					"@loader_path/Frameworks",
				);
				PRODUCT_BUNDLE_IDENTIFIER = com.min.EssentialFeediOSTests;
				PRODUCT_NAME = "$(TARGET_NAME)";
				SWIFT_OBJC_BRIDGING_HEADER = "EssentialFeediOSTests/EssentialFeediOSTests-Bridging-Header.h";
				SWIFT_VERSION = 5.0;
				TARGETED_DEVICE_FAMILY = "1,2";
			};
			name = Release;
		};
		393F9063258CD6AD00BD4074 /* Debug */ = {
			isa = XCBuildConfiguration;
			buildSettings = {
				CLANG_WARN_QUOTED_INCLUDE_IN_FRAMEWORK_HEADER = YES;
				CODE_SIGN_STYLE = Automatic;
				DEVELOPMENT_TEAM = 2W4XUH8LUQ;
				INFOPLIST_FILE = EssentialFeedAPIEndToEndTests/Info.plist;
				IPHONEOS_DEPLOYMENT_TARGET = 14.3;
				LD_RUNPATH_SEARCH_PATHS = (
					"$(inherited)",
					"@executable_path/Frameworks",
					"@loader_path/Frameworks",
				);
				MACOSX_DEPLOYMENT_TARGET = 11.3;
				PRODUCT_BUNDLE_IDENTIFIER = com.min.EssentialFeedAPIEndToEndTests;
				PRODUCT_NAME = "$(TARGET_NAME)";
				SDKROOT = macosx;
				SUPPORTED_PLATFORMS = "macosx iphoneos iphonesimulator";
				SWIFT_VERSION = 5.0;
				TARGETED_DEVICE_FAMILY = "1,2";
			};
			name = Debug;
		};
		393F9064258CD6AD00BD4074 /* Release */ = {
			isa = XCBuildConfiguration;
			buildSettings = {
				CLANG_WARN_QUOTED_INCLUDE_IN_FRAMEWORK_HEADER = YES;
				CODE_SIGN_STYLE = Automatic;
				DEVELOPMENT_TEAM = 2W4XUH8LUQ;
				INFOPLIST_FILE = EssentialFeedAPIEndToEndTests/Info.plist;
				IPHONEOS_DEPLOYMENT_TARGET = 14.3;
				LD_RUNPATH_SEARCH_PATHS = (
					"$(inherited)",
					"@executable_path/Frameworks",
					"@loader_path/Frameworks",
				);
				MACOSX_DEPLOYMENT_TARGET = 11.3;
				PRODUCT_BUNDLE_IDENTIFIER = com.min.EssentialFeedAPIEndToEndTests;
				PRODUCT_NAME = "$(TARGET_NAME)";
				SDKROOT = macosx;
				SUPPORTED_PLATFORMS = "macosx iphoneos iphonesimulator";
				SWIFT_VERSION = 5.0;
				TARGETED_DEVICE_FAMILY = "1,2";
			};
			name = Release;
		};
		39528002263A535E00065798 /* Debug */ = {
			isa = XCBuildConfiguration;
			buildSettings = {
				CLANG_WARN_QUOTED_INCLUDE_IN_FRAMEWORK_HEADER = YES;
				CODE_SIGN_STYLE = Automatic;
				DEVELOPMENT_TEAM = 2W4XUH8LUQ;
				INFOPLIST_FILE = EssentialFeedCacheIntegrationTests/Info.plist;
				IPHONEOS_DEPLOYMENT_TARGET = 14.5;
				LD_RUNPATH_SEARCH_PATHS = (
					"$(inherited)",
					"@executable_path/Frameworks",
					"@loader_path/Frameworks",
				);
				PRODUCT_BUNDLE_IDENTIFIER = com.min.EssentialFeedCacheIntegrationTests;
				PRODUCT_NAME = "$(TARGET_NAME)";
				SDKROOT = macosx;
				SUPPORTED_PLATFORMS = "macosx iphonesimulator iphoneos";
				SWIFT_VERSION = 5.0;
				TARGETED_DEVICE_FAMILY = "1,2";
			};
			name = Debug;
		};
		39528003263A535E00065798 /* Release */ = {
			isa = XCBuildConfiguration;
			buildSettings = {
				CLANG_WARN_QUOTED_INCLUDE_IN_FRAMEWORK_HEADER = YES;
				CODE_SIGN_STYLE = Automatic;
				DEVELOPMENT_TEAM = 2W4XUH8LUQ;
				INFOPLIST_FILE = EssentialFeedCacheIntegrationTests/Info.plist;
				IPHONEOS_DEPLOYMENT_TARGET = 14.5;
				LD_RUNPATH_SEARCH_PATHS = (
					"$(inherited)",
					"@executable_path/Frameworks",
					"@loader_path/Frameworks",
				);
				PRODUCT_BUNDLE_IDENTIFIER = com.min.EssentialFeedCacheIntegrationTests;
				PRODUCT_NAME = "$(TARGET_NAME)";
				SDKROOT = macosx;
				SUPPORTED_PLATFORMS = "macosx iphonesimulator iphoneos";
				SWIFT_VERSION = 5.0;
				TARGETED_DEVICE_FAMILY = "1,2";
			};
			name = Release;
		};
/* End XCBuildConfiguration section */

/* Begin XCConfigurationList section */
		3908C157251B8553006503FB /* Build configuration list for PBXProject "EssentialFeed" */ = {
			isa = XCConfigurationList;
			buildConfigurations = (
				3908C16F251B8553006503FB /* Debug */,
				3908C170251B8553006503FB /* Release */,
			);
			defaultConfigurationIsVisible = 0;
			defaultConfigurationName = Release;
		};
		3908C171251B8553006503FB /* Build configuration list for PBXNativeTarget "EssentialFeed" */ = {
			isa = XCConfigurationList;
			buildConfigurations = (
				3908C172251B8553006503FB /* Debug */,
				3908C173251B8553006503FB /* Release */,
			);
			defaultConfigurationIsVisible = 0;
			defaultConfigurationName = Release;
		};
		3908C174251B8553006503FB /* Build configuration list for PBXNativeTarget "EssentialFeedTests" */ = {
			isa = XCConfigurationList;
			buildConfigurations = (
				3908C175251B8553006503FB /* Debug */,
				3908C176251B8553006503FB /* Release */,
			);
			defaultConfigurationIsVisible = 0;
			defaultConfigurationName = Release;
		};
		3937CFE12643D75500D59C61 /* Build configuration list for PBXNativeTarget "EssentialFeediOS" */ = {
			isa = XCConfigurationList;
			buildConfigurations = (
				3937CFE22643D75500D59C61 /* Debug */,
				3937CFE32643D75500D59C61 /* Release */,
			);
			defaultConfigurationIsVisible = 0;
			defaultConfigurationName = Release;
		};
		3937CFE42643D75500D59C61 /* Build configuration list for PBXNativeTarget "EssentialFeediOSTests" */ = {
			isa = XCConfigurationList;
			buildConfigurations = (
				3937CFE52643D75500D59C61 /* Debug */,
				3937CFE62643D75500D59C61 /* Release */,
			);
			defaultConfigurationIsVisible = 0;
			defaultConfigurationName = Release;
		};
		393F9065258CD6AD00BD4074 /* Build configuration list for PBXNativeTarget "EssentialFeedAPIEndToEndTests" */ = {
			isa = XCConfigurationList;
			buildConfigurations = (
				393F9063258CD6AD00BD4074 /* Debug */,
				393F9064258CD6AD00BD4074 /* Release */,
			);
			defaultConfigurationIsVisible = 0;
			defaultConfigurationName = Release;
		};
		39528001263A535E00065798 /* Build configuration list for PBXNativeTarget "EssentialFeedCacheIntegrationTests" */ = {
			isa = XCConfigurationList;
			buildConfigurations = (
				39528002263A535E00065798 /* Debug */,
				39528003263A535E00065798 /* Release */,
			);
			defaultConfigurationIsVisible = 0;
			defaultConfigurationName = Release;
		};
/* End XCConfigurationList section */

/* Begin XCVersionGroup section */
		399B08422636636D00A98A83 /* FeedStore.xcdatamodeld */ = {
			isa = XCVersionGroup;
			children = (
				399B08432636636D00A98A83 /* FeedStore.xcdatamodel */,
			);
			currentVersion = 399B08432636636D00A98A83 /* FeedStore.xcdatamodel */;
			path = FeedStore.xcdatamodeld;
			sourceTree = "<group>";
			versionGroupType = wrapper.xcdatamodel;
		};
/* End XCVersionGroup section */
	};
	rootObject = 3908C154251B8553006503FB /* Project object */;
}
